// !$*UTF8*$!
{
	archiveVersion = 1;
	classes = {
	};
	objectVersion = 55;
	objects = {

/* Begin PBXBuildFile section */
		14F9CCDC275E6593000E696C /* Tests_iOS.swift in Sources */ = {isa = PBXBuildFile; fileRef = 14F9CCDB275E6593000E696C /* Tests_iOS.swift */; };
		14F9CCDE275E6593000E696C /* Tests_iOSLaunchTests.swift in Sources */ = {isa = PBXBuildFile; fileRef = 14F9CCDD275E6593000E696C /* Tests_iOSLaunchTests.swift */; };
		14F9CCE8275E6593000E696C /* Tests_macOS.swift in Sources */ = {isa = PBXBuildFile; fileRef = 14F9CCE7275E6593000E696C /* Tests_macOS.swift */; };
		14F9CCEA275E6593000E696C /* Tests_macOSLaunchTests.swift in Sources */ = {isa = PBXBuildFile; fileRef = 14F9CCE9275E6593000E696C /* Tests_macOSLaunchTests.swift */; };
		14F9CCEB275E6593000E696C /* testPodRohitApp.swift in Sources */ = {isa = PBXBuildFile; fileRef = 14F9CCC3275E6591000E696C /* testPodRohitApp.swift */; };
		14F9CCEC275E6593000E696C /* testPodRohitApp.swift in Sources */ = {isa = PBXBuildFile; fileRef = 14F9CCC3275E6591000E696C /* testPodRohitApp.swift */; };
		14F9CCED275E6593000E696C /* ContentView.swift in Sources */ = {isa = PBXBuildFile; fileRef = 14F9CCC4275E6591000E696C /* ContentView.swift */; };
		14F9CCEE275E6593000E696C /* ContentView.swift in Sources */ = {isa = PBXBuildFile; fileRef = 14F9CCC4275E6591000E696C /* ContentView.swift */; };
		14F9CCEF275E6593000E696C /* Assets.xcassets in Resources */ = {isa = PBXBuildFile; fileRef = 14F9CCC5275E6593000E696C /* Assets.xcassets */; };
		14F9CCF0275E6593000E696C /* Assets.xcassets in Resources */ = {isa = PBXBuildFile; fileRef = 14F9CCC5275E6593000E696C /* Assets.xcassets */; };
		14F9CD00275E65F2000E696C /* newClassForTestt.swift in Sources */ = {isa = PBXBuildFile; fileRef = 14F9CCFF275E65F1000E696C /* newClassForTestt.swift */; };
		14F9CD01275E65F2000E696C /* newClassForTestt.swift in Sources */ = {isa = PBXBuildFile; fileRef = 14F9CCFF275E65F1000E696C /* newClassForTestt.swift */; };
		14F9CD02275E65F2000E696C /* newClassForTestt.swift in Sources */ = {isa = PBXBuildFile; fileRef = 14F9CCFF275E65F1000E696C /* newClassForTestt.swift */; };
		14F9CD03275E65F2000E696C /* newClassForTestt.swift in Sources */ = {isa = PBXBuildFile; fileRef = 14F9CCFF275E65F1000E696C /* newClassForTestt.swift */; };
		14F9CD05275E67E1000E696C /* Storyboard.storyboard in Resources */ = {isa = PBXBuildFile; fileRef = 14F9CD04275E67E1000E696C /* Storyboard.storyboard */; };
		14F9CD06275E67E1000E696C /* Storyboard.storyboard in Resources */ = {isa = PBXBuildFile; fileRef = 14F9CD04275E67E1000E696C /* Storyboard.storyboard */; };
		14F9CD07275E67E1000E696C /* Storyboard.storyboard in Resources */ = {isa = PBXBuildFile; fileRef = 14F9CD04275E67E1000E696C /* Storyboard.storyboard */; };
		14F9CD08275E67E1000E696C /* Storyboard.storyboard in Resources */ = {isa = PBXBuildFile; fileRef = 14F9CD04275E67E1000E696C /* Storyboard.storyboard */; };
/* End PBXBuildFile section */

/* Begin PBXContainerItemProxy section */
		14F9CCD8275E6593000E696C /* PBXContainerItemProxy */ = {
			isa = PBXContainerItemProxy;
			containerPortal = 14F9CCBE275E6590000E696C /* Project object */;
			proxyType = 1;
			remoteGlobalIDString = 14F9CCC9275E6593000E696C;
			remoteInfo = "testPodRohit (iOS)";
		};
		14F9CCE4275E6593000E696C /* PBXContainerItemProxy */ = {
			isa = PBXContainerItemProxy;
			containerPortal = 14F9CCBE275E6590000E696C /* Project object */;
			proxyType = 1;
			remoteGlobalIDString = 14F9CCCF275E6593000E696C;
			remoteInfo = "testPodRohit (macOS)";
		};
/* End PBXContainerItemProxy section */

/* Begin PBXFileReference section */
		14F9CCC3275E6591000E696C /* testPodRohitApp.swift */ = {isa = PBXFileReference; lastKnownFileType = sourcecode.swift; path = testPodRohitApp.swift; sourceTree = "<group>"; };
		14F9CCC4275E6591000E696C /* ContentView.swift */ = {isa = PBXFileReference; lastKnownFileType = sourcecode.swift; path = ContentView.swift; sourceTree = "<group>"; };
		14F9CCC5275E6593000E696C /* Assets.xcassets */ = {isa = PBXFileReference; lastKnownFileType = folder.assetcatalog; path = Assets.xcassets; sourceTree = "<group>"; };
		14F9CCCA275E6593000E696C /* testPodRohit.app */ = {isa = PBXFileReference; explicitFileType = wrapper.application; includeInIndex = 0; path = testPodRohit.app; sourceTree = BUILT_PRODUCTS_DIR; };
		14F9CCD0275E6593000E696C /* testPodRohit.app */ = {isa = PBXFileReference; explicitFileType = wrapper.application; includeInIndex = 0; path = testPodRohit.app; sourceTree = BUILT_PRODUCTS_DIR; };
		14F9CCD2275E6593000E696C /* macOS.entitlements */ = {isa = PBXFileReference; lastKnownFileType = text.plist.entitlements; path = macOS.entitlements; sourceTree = "<group>"; };
		14F9CCD7275E6593000E696C /* Tests iOS.xctest */ = {isa = PBXFileReference; explicitFileType = wrapper.cfbundle; includeInIndex = 0; path = "Tests iOS.xctest"; sourceTree = BUILT_PRODUCTS_DIR; };
		14F9CCDB275E6593000E696C /* Tests_iOS.swift */ = {isa = PBXFileReference; lastKnownFileType = sourcecode.swift; path = Tests_iOS.swift; sourceTree = "<group>"; };
		14F9CCDD275E6593000E696C /* Tests_iOSLaunchTests.swift */ = {isa = PBXFileReference; lastKnownFileType = sourcecode.swift; path = Tests_iOSLaunchTests.swift; sourceTree = "<group>"; };
		14F9CCE3275E6593000E696C /* Tests macOS.xctest */ = {isa = PBXFileReference; explicitFileType = wrapper.cfbundle; includeInIndex = 0; path = "Tests macOS.xctest"; sourceTree = BUILT_PRODUCTS_DIR; };
		14F9CCE7275E6593000E696C /* Tests_macOS.swift */ = {isa = PBXFileReference; lastKnownFileType = sourcecode.swift; path = Tests_macOS.swift; sourceTree = "<group>"; };
		14F9CCE9275E6593000E696C /* Tests_macOSLaunchTests.swift */ = {isa = PBXFileReference; lastKnownFileType = sourcecode.swift; path = Tests_macOSLaunchTests.swift; sourceTree = "<group>"; };
		14F9CCFF275E65F1000E696C /* newClassForTestt.swift */ = {isa = PBXFileReference; lastKnownFileType = sourcecode.swift; path = newClassForTestt.swift; sourceTree = "<group>"; };
		14F9CD04275E67E1000E696C /* Storyboard.storyboard */ = {isa = PBXFileReference; lastKnownFileType = file.storyboard; path = Storyboard.storyboard; sourceTree = "<group>"; };
/* End PBXFileReference section */

/* Begin PBXFrameworksBuildPhase section */
		14F9CCC7275E6593000E696C /* Frameworks */ = {
			isa = PBXFrameworksBuildPhase;
			buildActionMask = 2147483647;
			files = (
			);
			runOnlyForDeploymentPostprocessing = 0;
		};
		14F9CCCD275E6593000E696C /* Frameworks */ = {
			isa = PBXFrameworksBuildPhase;
			buildActionMask = 2147483647;
			files = (
			);
			runOnlyForDeploymentPostprocessing = 0;
		};
		14F9CCD4275E6593000E696C /* Frameworks */ = {
			isa = PBXFrameworksBuildPhase;
			buildActionMask = 2147483647;
			files = (
			);
			runOnlyForDeploymentPostprocessing = 0;
		};
		14F9CCE0275E6593000E696C /* Frameworks */ = {
			isa = PBXFrameworksBuildPhase;
			buildActionMask = 2147483647;
			files = (
			);
			runOnlyForDeploymentPostprocessing = 0;
		};
/* End PBXFrameworksBuildPhase section */

/* Begin PBXGroup section */
		14F9CCBD275E6590000E696C = {
			isa = PBXGroup;
			children = (
				14F9CCC2275E6591000E696C /* Shared */,
				14F9CCD1275E6593000E696C /* macOS */,
				14F9CCDA275E6593000E696C /* Tests iOS */,
				14F9CCE6275E6593000E696C /* Tests macOS */,
				14F9CCCB275E6593000E696C /* Products */,
			);
			sourceTree = "<group>";
		};
		14F9CCC2275E6591000E696C /* Shared */ = {
			isa = PBXGroup;
			children = (
				14F9CCC3275E6591000E696C /* testPodRohitApp.swift */,
				14F9CD04275E67E1000E696C /* Storyboard.storyboard */,
				14F9CCC4275E6591000E696C /* ContentView.swift */,
				14F9CCFF275E65F1000E696C /* newClassForTestt.swift */,
				14F9CCC5275E6593000E696C /* Assets.xcassets */,
			);
			path = Shared;
			sourceTree = "<group>";
		};
		14F9CCCB275E6593000E696C /* Products */ = {
			isa = PBXGroup;
			children = (
				14F9CCCA275E6593000E696C /* testPodRohit.app */,
				14F9CCD0275E6593000E696C /* testPodRohit.app */,
				14F9CCD7275E6593000E696C /* Tests iOS.xctest */,
				14F9CCE3275E6593000E696C /* Tests macOS.xctest */,
			);
			name = Products;
			sourceTree = "<group>";
		};
		14F9CCD1275E6593000E696C /* macOS */ = {
			isa = PBXGroup;
			children = (
				14F9CCD2275E6593000E696C /* macOS.entitlements */,
			);
			path = macOS;
			sourceTree = "<group>";
		};
		14F9CCDA275E6593000E696C /* Tests iOS */ = {
			isa = PBXGroup;
			children = (
				14F9CCDB275E6593000E696C /* Tests_iOS.swift */,
				14F9CCDD275E6593000E696C /* Tests_iOSLaunchTests.swift */,
			);
			path = "Tests iOS";
			sourceTree = "<group>";
		};
		14F9CCE6275E6593000E696C /* Tests macOS */ = {
			isa = PBXGroup;
			children = (
				14F9CCE7275E6593000E696C /* Tests_macOS.swift */,
				14F9CCE9275E6593000E696C /* Tests_macOSLaunchTests.swift */,
			);
			path = "Tests macOS";
			sourceTree = "<group>";
		};
/* End PBXGroup section */

/* Begin PBXNativeTarget section */
		14F9CCC9275E6593000E696C /* testPodRohit (iOS) */ = {
			isa = PBXNativeTarget;
			buildConfigurationList = 14F9CCF3275E6593000E696C /* Build configuration list for PBXNativeTarget "testPodRohit (iOS)" */;
			buildPhases = (
				14F9CCC6275E6593000E696C /* Sources */,
				14F9CCC7275E6593000E696C /* Frameworks */,
				14F9CCC8275E6593000E696C /* Resources */,
			);
			buildRules = (
			);
			dependencies = (
			);
			name = "testPodRohit (iOS)";
			productName = "testPodRohit (iOS)";
			productReference = 14F9CCCA275E6593000E696C /* testPodRohit.app */;
			productType = "com.apple.product-type.application";
		};
		14F9CCCF275E6593000E696C /* testPodRohit (macOS) */ = {
			isa = PBXNativeTarget;
			buildConfigurationList = 14F9CCF6275E6593000E696C /* Build configuration list for PBXNativeTarget "testPodRohit (macOS)" */;
			buildPhases = (
				14F9CCCC275E6593000E696C /* Sources */,
				14F9CCCD275E6593000E696C /* Frameworks */,
				14F9CCCE275E6593000E696C /* Resources */,
			);
			buildRules = (
			);
			dependencies = (
			);
			name = "testPodRohit (macOS)";
			productName = "testPodRohit (macOS)";
			productReference = 14F9CCD0275E6593000E696C /* testPodRohit.app */;
			productType = "com.apple.product-type.application";
		};
		14F9CCD6275E6593000E696C /* Tests iOS */ = {
			isa = PBXNativeTarget;
			buildConfigurationList = 14F9CCF9275E6593000E696C /* Build configuration list for PBXNativeTarget "Tests iOS" */;
			buildPhases = (
				14F9CCD3275E6593000E696C /* Sources */,
				14F9CCD4275E6593000E696C /* Frameworks */,
				14F9CCD5275E6593000E696C /* Resources */,
			);
			buildRules = (
			);
			dependencies = (
				14F9CCD9275E6593000E696C /* PBXTargetDependency */,
			);
			name = "Tests iOS";
			productName = "Tests iOS";
			productReference = 14F9CCD7275E6593000E696C /* Tests iOS.xctest */;
			productType = "com.apple.product-type.bundle.ui-testing";
		};
		14F9CCE2275E6593000E696C /* Tests macOS */ = {
			isa = PBXNativeTarget;
			buildConfigurationList = 14F9CCFC275E6593000E696C /* Build configuration list for PBXNativeTarget "Tests macOS" */;
			buildPhases = (
				14F9CCDF275E6593000E696C /* Sources */,
				14F9CCE0275E6593000E696C /* Frameworks */,
				14F9CCE1275E6593000E696C /* Resources */,
			);
			buildRules = (
			);
			dependencies = (
				14F9CCE5275E6593000E696C /* PBXTargetDependency */,
			);
			name = "Tests macOS";
			productName = "Tests macOS";
			productReference = 14F9CCE3275E6593000E696C /* Tests macOS.xctest */;
			productType = "com.apple.product-type.bundle.ui-testing";
		};
/* End PBXNativeTarget section */

/* Begin PBXProject section */
		14F9CCBE275E6590000E696C /* Project object */ = {
			isa = PBXProject;
			attributes = {
				BuildIndependentTargetsInParallel = 1;
				LastSwiftUpdateCheck = 1310;
				LastUpgradeCheck = 1310;
				TargetAttributes = {
					14F9CCC9275E6593000E696C = {
						CreatedOnToolsVersion = 13.1;
					};
					14F9CCCF275E6593000E696C = {
						CreatedOnToolsVersion = 13.1;
					};
					14F9CCD6275E6593000E696C = {
						CreatedOnToolsVersion = 13.1;
						TestTargetID = 14F9CCC9275E6593000E696C;
					};
					14F9CCE2275E6593000E696C = {
						CreatedOnToolsVersion = 13.1;
						TestTargetID = 14F9CCCF275E6593000E696C;
					};
				};
			};
			buildConfigurationList = 14F9CCC1275E6590000E696C /* Build configuration list for PBXProject "testPodRohit" */;
			compatibilityVersion = "Xcode 13.0";
			developmentRegion = en;
			hasScannedForEncodings = 0;
			knownRegions = (
				en,
				Base,
			);
			mainGroup = 14F9CCBD275E6590000E696C;
			productRefGroup = 14F9CCCB275E6593000E696C /* Products */;
			projectDirPath = "";
			projectRoot = "";
			targets = (
				14F9CCC9275E6593000E696C /* testPodRohit (iOS) */,
				14F9CCCF275E6593000E696C /* testPodRohit (macOS) */,
				14F9CCD6275E6593000E696C /* Tests iOS */,
				14F9CCE2275E6593000E696C /* Tests macOS */,
			);
		};
/* End PBXProject section */

/* Begin PBXResourcesBuildPhase section */
		14F9CCC8275E6593000E696C /* Resources */ = {
			isa = PBXResourcesBuildPhase;
			buildActionMask = 2147483647;
			files = (
				14F9CCEF275E6593000E696C /* Assets.xcassets in Resources */,
				14F9CD05275E67E1000E696C /* Storyboard.storyboard in Resources */,
			);
			runOnlyForDeploymentPostprocessing = 0;
		};
		14F9CCCE275E6593000E696C /* Resources */ = {
			isa = PBXResourcesBuildPhase;
			buildActionMask = 2147483647;
			files = (
				14F9CCF0275E6593000E696C /* Assets.xcassets in Resources */,
				14F9CD06275E67E1000E696C /* Storyboard.storyboard in Resources */,
			);
			runOnlyForDeploymentPostprocessing = 0;
		};
		14F9CCD5275E6593000E696C /* Resources */ = {
			isa = PBXResourcesBuildPhase;
			buildActionMask = 2147483647;
			files = (
				14F9CD07275E67E1000E696C /* Storyboard.storyboard in Resources */,
			);
			runOnlyForDeploymentPostprocessing = 0;
		};
		14F9CCE1275E6593000E696C /* Resources */ = {
			isa = PBXResourcesBuildPhase;
			buildActionMask = 2147483647;
			files = (
				14F9CD08275E67E1000E696C /* Storyboard.storyboard in Resources */,
			);
			runOnlyForDeploymentPostprocessing = 0;
		};
/* End PBXResourcesBuildPhase section */

/* Begin PBXSourcesBuildPhase section */
		14F9CCC6275E6593000E696C /* Sources */ = {
			isa = PBXSourcesBuildPhase;
			buildActionMask = 2147483647;
			files = (
				14F9CCED275E6593000E696C /* ContentView.swift in Sources */,
				14F9CCEB275E6593000E696C /* testPodRohitApp.swift in Sources */,
				14F9CD00275E65F2000E696C /* newClassForTestt.swift in Sources */,
			);
			runOnlyForDeploymentPostprocessing = 0;
		};
		14F9CCCC275E6593000E696C /* Sources */ = {
			isa = PBXSourcesBuildPhase;
			buildActionMask = 2147483647;
			files = (
				14F9CCEE275E6593000E696C /* ContentView.swift in Sources */,
				14F9CCEC275E6593000E696C /* testPodRohitApp.swift in Sources */,
				14F9CD01275E65F2000E696C /* newClassForTestt.swift in Sources */,
			);
			runOnlyForDeploymentPostprocessing = 0;
		};
		14F9CCD3275E6593000E696C /* Sources */ = {
			isa = PBXSourcesBuildPhase;
			buildActionMask = 2147483647;
			files = (
				14F9CCDE275E6593000E696C /* Tests_iOSLaunchTests.swift in Sources */,
				14F9CCDC275E6593000E696C /* Tests_iOS.swift in Sources */,
				14F9CD02275E65F2000E696C /* newClassForTestt.swift in Sources */,
			);
			runOnlyForDeploymentPostprocessing = 0;
		};
		14F9CCDF275E6593000E696C /* Sources */ = {
			isa = PBXSourcesBuildPhase;
			buildActionMask = 2147483647;
			files = (
				14F9CCEA275E6593000E696C /* Tests_macOSLaunchTests.swift in Sources */,
				14F9CCE8275E6593000E696C /* Tests_macOS.swift in Sources */,
				14F9CD03275E65F2000E696C /* newClassForTestt.swift in Sources */,
			);
			runOnlyForDeploymentPostprocessing = 0;
		};
/* End PBXSourcesBuildPhase section */

/* Begin PBXTargetDependency section */
		14F9CCD9275E6593000E696C /* PBXTargetDependency */ = {
			isa = PBXTargetDependency;
			target = 14F9CCC9275E6593000E696C /* testPodRohit (iOS) */;
			targetProxy = 14F9CCD8275E6593000E696C /* PBXContainerItemProxy */;
		};
		14F9CCE5275E6593000E696C /* PBXTargetDependency */ = {
			isa = PBXTargetDependency;
			target = 14F9CCCF275E6593000E696C /* testPodRohit (macOS) */;
			targetProxy = 14F9CCE4275E6593000E696C /* PBXContainerItemProxy */;
		};
/* End PBXTargetDependency section */

/* Begin XCBuildConfiguration section */
		14F9CCF1275E6593000E696C /* Debug */ = {
			isa = XCBuildConfiguration;
			buildSettings = {
				ALWAYS_SEARCH_USER_PATHS = NO;
				CLANG_ANALYZER_NONNULL = YES;
				CLANG_ANALYZER_NUMBER_OBJECT_CONVERSION = YES_AGGRESSIVE;
				CLANG_CXX_LANGUAGE_STANDARD = "gnu++17";
				CLANG_CXX_LIBRARY = "libc++";
				CLANG_ENABLE_MODULES = YES;
				CLANG_ENABLE_OBJC_ARC = YES;
				CLANG_ENABLE_OBJC_WEAK = YES;
				CLANG_WARN_BLOCK_CAPTURE_AUTORELEASING = YES;
				CLANG_WARN_BOOL_CONVERSION = YES;
				CLANG_WARN_COMMA = YES;
				CLANG_WARN_CONSTANT_CONVERSION = YES;
				CLANG_WARN_DEPRECATED_OBJC_IMPLEMENTATIONS = YES;
				CLANG_WARN_DIRECT_OBJC_ISA_USAGE = YES_ERROR;
				CLANG_WARN_DOCUMENTATION_COMMENTS = YES;
				CLANG_WARN_EMPTY_BODY = YES;
				CLANG_WARN_ENUM_CONVERSION = YES;
				CLANG_WARN_INFINITE_RECURSION = YES;
				CLANG_WARN_INT_CONVERSION = YES;
				CLANG_WARN_NON_LITERAL_NULL_CONVERSION = YES;
				CLANG_WARN_OBJC_IMPLICIT_RETAIN_SELF = YES;
				CLANG_WARN_OBJC_LITERAL_CONVERSION = YES;
				CLANG_WARN_OBJC_ROOT_CLASS = YES_ERROR;
				CLANG_WARN_QUOTED_INCLUDE_IN_FRAMEWORK_HEADER = YES;
				CLANG_WARN_RANGE_LOOP_ANALYSIS = YES;
				CLANG_WARN_STRICT_PROTOTYPES = YES;
				CLANG_WARN_SUSPICIOUS_MOVE = YES;
				CLANG_WARN_UNGUARDED_AVAILABILITY = YES_AGGRESSIVE;
				CLANG_WARN_UNREACHABLE_CODE = YES;
				CLANG_WARN__DUPLICATE_METHOD_MATCH = YES;
				COPY_PHASE_STRIP = NO;
				DEBUG_INFORMATION_FORMAT = dwarf;
				ENABLE_STRICT_OBJC_MSGSEND = YES;
				ENABLE_TESTABILITY = YES;
				GCC_C_LANGUAGE_STANDARD = gnu11;
				GCC_DYNAMIC_NO_PIC = NO;
				GCC_NO_COMMON_BLOCKS = YES;
				GCC_OPTIMIZATION_LEVEL = 0;
				GCC_PREPROCESSOR_DEFINITIONS = (
					"DEBUG=1",
					"$(inherited)",
				);
				GCC_WARN_64_TO_32_BIT_CONVERSION = YES;
				GCC_WARN_ABOUT_RETURN_TYPE = YES_ERROR;
				GCC_WARN_UNDECLARED_SELECTOR = YES;
				GCC_WARN_UNINITIALIZED_AUTOS = YES_AGGRESSIVE;
				GCC_WARN_UNUSED_FUNCTION = YES;
				GCC_WARN_UNUSED_VARIABLE = YES;
				MTL_ENABLE_DEBUG_INFO = INCLUDE_SOURCE;
				MTL_FAST_MATH = YES;
				ONLY_ACTIVE_ARCH = YES;
				SWIFT_ACTIVE_COMPILATION_CONDITIONS = DEBUG;
				SWIFT_OPTIMIZATION_LEVEL = "-Onone";
			};
			name = Debug;
		};
		14F9CCF2275E6593000E696C /* Release */ = {
			isa = XCBuildConfiguration;
			buildSettings = {
				ALWAYS_SEARCH_USER_PATHS = NO;
				CLANG_ANALYZER_NONNULL = YES;
				CLANG_ANALYZER_NUMBER_OBJECT_CONVERSION = YES_AGGRESSIVE;
				CLANG_CXX_LANGUAGE_STANDARD = "gnu++17";
				CLANG_CXX_LIBRARY = "libc++";
				CLANG_ENABLE_MODULES = YES;
				CLANG_ENABLE_OBJC_ARC = YES;
				CLANG_ENABLE_OBJC_WEAK = YES;
				CLANG_WARN_BLOCK_CAPTURE_AUTORELEASING = YES;
				CLANG_WARN_BOOL_CONVERSION = YES;
				CLANG_WARN_COMMA = YES;
				CLANG_WARN_CONSTANT_CONVERSION = YES;
				CLANG_WARN_DEPRECATED_OBJC_IMPLEMENTATIONS = YES;
				CLANG_WARN_DIRECT_OBJC_ISA_USAGE = YES_ERROR;
				CLANG_WARN_DOCUMENTATION_COMMENTS = YES;
				CLANG_WARN_EMPTY_BODY = YES;
				CLANG_WARN_ENUM_CONVERSION = YES;
				CLANG_WARN_INFINITE_RECURSION = YES;
				CLANG_WARN_INT_CONVERSION = YES;
				CLANG_WARN_NON_LITERAL_NULL_CONVERSION = YES;
				CLANG_WARN_OBJC_IMPLICIT_RETAIN_SELF = YES;
				CLANG_WARN_OBJC_LITERAL_CONVERSION = YES;
				CLANG_WARN_OBJC_ROOT_CLASS = YES_ERROR;
				CLANG_WARN_QUOTED_INCLUDE_IN_FRAMEWORK_HEADER = YES;
				CLANG_WARN_RANGE_LOOP_ANALYSIS = YES;
				CLANG_WARN_STRICT_PROTOTYPES = YES;
				CLANG_WARN_SUSPICIOUS_MOVE = YES;
				CLANG_WARN_UNGUARDED_AVAILABILITY = YES_AGGRESSIVE;
				CLANG_WARN_UNREACHABLE_CODE = YES;
				CLANG_WARN__DUPLICATE_METHOD_MATCH = YES;
				COPY_PHASE_STRIP = NO;
				DEBUG_INFORMATION_FORMAT = "dwarf-with-dsym";
				ENABLE_NS_ASSERTIONS = NO;
				ENABLE_STRICT_OBJC_MSGSEND = YES;
				GCC_C_LANGUAGE_STANDARD = gnu11;
				GCC_NO_COMMON_BLOCKS = YES;
				GCC_WARN_64_TO_32_BIT_CONVERSION = YES;
				GCC_WARN_ABOUT_RETURN_TYPE = YES_ERROR;
				GCC_WARN_UNDECLARED_SELECTOR = YES;
				GCC_WARN_UNINITIALIZED_AUTOS = YES_AGGRESSIVE;
				GCC_WARN_UNUSED_FUNCTION = YES;
				GCC_WARN_UNUSED_VARIABLE = YES;
				MTL_ENABLE_DEBUG_INFO = NO;
				MTL_FAST_MATH = YES;
				SWIFT_COMPILATION_MODE = wholemodule;
				SWIFT_OPTIMIZATION_LEVEL = "-O";
			};
			name = Release;
		};
		14F9CCF4275E6593000E696C /* Debug */ = {
			isa = XCBuildConfiguration;
			buildSettings = {
				ASSETCATALOG_COMPILER_APPICON_NAME = AppIcon;
				ASSETCATALOG_COMPILER_GLOBAL_ACCENT_COLOR_NAME = AccentColor;
				CODE_SIGN_STYLE = Automatic;
				CURRENT_PROJECT_VERSION = 1;
				ENABLE_PREVIEWS = YES;
				GENERATE_INFOPLIST_FILE = YES;
				INFOPLIST_KEY_UIApplicationSceneManifest_Generation = YES;
				INFOPLIST_KEY_UIApplicationSupportsIndirectInputEvents = YES;
				INFOPLIST_KEY_UILaunchScreen_Generation = YES;
				INFOPLIST_KEY_UISupportedInterfaceOrientations_iPad = "UIInterfaceOrientationPortrait UIInterfaceOrientationPortraitUpsideDown UIInterfaceOrientationLandscapeLeft UIInterfaceOrientationLandscapeRight";
				INFOPLIST_KEY_UISupportedInterfaceOrientations_iPhone = "UIInterfaceOrientationPortrait UIInterfaceOrientationLandscapeLeft UIInterfaceOrientationLandscapeRight";
				IPHONEOS_DEPLOYMENT_TARGET = 15.0;
				LD_RUNPATH_SEARCH_PATHS = (
					"$(inherited)",
					"@executable_path/Frameworks",
				);
				MARKETING_VERSION = 1.0;
				PRODUCT_BUNDLE_IDENTIFIER = tmo.com.testPodRohit;
				PRODUCT_NAME = testPodRohit;
				SDKROOT = iphoneos;
				SWIFT_EMIT_LOC_STRINGS = YES;
				SWIFT_VERSION = 5.0;
				TARGETED_DEVICE_FAMILY = "1,2";
			};
			name = Debug;
		};
		14F9CCF5275E6593000E696C /* Release */ = {
			isa = XCBuildConfiguration;
			buildSettings = {
				ASSETCATALOG_COMPILER_APPICON_NAME = AppIcon;
				ASSETCATALOG_COMPILER_GLOBAL_ACCENT_COLOR_NAME = AccentColor;
				CODE_SIGN_STYLE = Automatic;
				CURRENT_PROJECT_VERSION = 1;
				ENABLE_PREVIEWS = YES;
				GENERATE_INFOPLIST_FILE = YES;
				INFOPLIST_KEY_UIApplicationSceneManifest_Generation = YES;
				INFOPLIST_KEY_UIApplicationSupportsIndirectInputEvents = YES;
				INFOPLIST_KEY_UILaunchScreen_Generation = YES;
				INFOPLIST_KEY_UISupportedInterfaceOrientations_iPad = "UIInterfaceOrientationPortrait UIInterfaceOrientationPortraitUpsideDown UIInterfaceOrientationLandscapeLeft UIInterfaceOrientationLandscapeRight";
				INFOPLIST_KEY_UISupportedInterfaceOrientations_iPhone = "UIInterfaceOrientationPortrait UIInterfaceOrientationLandscapeLeft UIInterfaceOrientationLandscapeRight";
				IPHONEOS_DEPLOYMENT_TARGET = 15.0;
				LD_RUNPATH_SEARCH_PATHS = (
					"$(inherited)",
					"@executable_path/Frameworks",
				);
				MARKETING_VERSION = 1.0;
				PRODUCT_BUNDLE_IDENTIFIER = tmo.com.testPodRohit;
				PRODUCT_NAME = testPodRohit;
				SDKROOT = iphoneos;
				SWIFT_EMIT_LOC_STRINGS = YES;
				SWIFT_VERSION = 5.0;
				TARGETED_DEVICE_FAMILY = "1,2";
				VALIDATE_PRODUCT = YES;
			};
			name = Release;
		};
		14F9CCF7275E6593000E696C /* Debug */ = {
			isa = XCBuildConfiguration;
			buildSettings = {
				ASSETCATALOG_COMPILER_APPICON_NAME = AppIcon;
				ASSETCATALOG_COMPILER_GLOBAL_ACCENT_COLOR_NAME = AccentColor;
				CODE_SIGN_ENTITLEMENTS = macOS/macOS.entitlements;
				CODE_SIGN_STYLE = Automatic;
				COMBINE_HIDPI_IMAGES = YES;
				CURRENT_PROJECT_VERSION = 1;
				ENABLE_PREVIEWS = YES;
				GENERATE_INFOPLIST_FILE = YES;
				INFOPLIST_KEY_NSHumanReadableCopyright = "";
				LD_RUNPATH_SEARCH_PATHS = (
					"$(inherited)",
					"@executable_path/../Frameworks",
				);
				MACOSX_DEPLOYMENT_TARGET = 11.6;
				MARKETING_VERSION = 1.0;
				PRODUCT_BUNDLE_IDENTIFIER = tmo.com.testPodRohit;
				PRODUCT_NAME = testPodRohit;
				SDKROOT = macosx;
				SWIFT_EMIT_LOC_STRINGS = YES;
				SWIFT_VERSION = 5.0;
			};
			name = Debug;
		};
		14F9CCF8275E6593000E696C /* Release */ = {
			isa = XCBuildConfiguration;
			buildSettings = {
				ASSETCATALOG_COMPILER_APPICON_NAME = AppIcon;
				ASSETCATALOG_COMPILER_GLOBAL_ACCENT_COLOR_NAME = AccentColor;
				CODE_SIGN_ENTITLEMENTS = macOS/macOS.entitlements;
				CODE_SIGN_STYLE = Automatic;
				COMBINE_HIDPI_IMAGES = YES;
				CURRENT_PROJECT_VERSION = 1;
				ENABLE_PREVIEWS = YES;
				GENERATE_INFOPLIST_FILE = YES;
				INFOPLIST_KEY_NSHumanReadableCopyright = "";
				LD_RUNPATH_SEARCH_PATHS = (
					"$(inherited)",
					"@executable_path/../Frameworks",
				);
				MACOSX_DEPLOYMENT_TARGET = 11.6;
				MARKETING_VERSION = 1.0;
				PRODUCT_BUNDLE_IDENTIFIER = tmo.com.testPodRohit;
				PRODUCT_NAME = testPodRohit;
				SDKROOT = macosx;
				SWIFT_EMIT_LOC_STRINGS = YES;
				SWIFT_VERSION = 5.0;
			};
			name = Release;
		};
		14F9CCFA275E6593000E696C /* Debug */ = {
			isa = XCBuildConfiguration;
			buildSettings = {
				ALWAYS_EMBED_SWIFT_STANDARD_LIBRARIES = YES;
				CODE_SIGN_STYLE = Automatic;
				CURRENT_PROJECT_VERSION = 1;
				GENERATE_INFOPLIST_FILE = YES;
				IPHONEOS_DEPLOYMENT_TARGET = 15.0;
				LD_RUNPATH_SEARCH_PATHS = (
					"$(inherited)",
					"@executable_path/Frameworks",
					"@loader_path/Frameworks",
				);
				MARKETING_VERSION = 1.0;
				PRODUCT_BUNDLE_IDENTIFIER = "tmo.com.Tests-iOS";
				PRODUCT_NAME = "$(TARGET_NAME)";
				SDKROOT = iphoneos;
				SWIFT_EMIT_LOC_STRINGS = NO;
				SWIFT_VERSION = 5.0;
				TARGETED_DEVICE_FAMILY = "1,2";
				TEST_TARGET_NAME = "testPodRohit (iOS)";
			};
			name = Debug;
		};
		14F9CCFB275E6593000E696C /* Release */ = {
			isa = XCBuildConfiguration;
			buildSettings = {
				ALWAYS_EMBED_SWIFT_STANDARD_LIBRARIES = YES;
				CODE_SIGN_STYLE = Automatic;
				CURRENT_PROJECT_VERSION = 1;
				GENERATE_INFOPLIST_FILE = YES;
				IPHONEOS_DEPLOYMENT_TARGET = 15.0;
				LD_RUNPATH_SEARCH_PATHS = (
					"$(inherited)",
					"@executable_path/Frameworks",
					"@loader_path/Frameworks",
				);
				MARKETING_VERSION = 1.0;
				PRODUCT_BUNDLE_IDENTIFIER = "tmo.com.Tests-iOS";
				PRODUCT_NAME = "$(TARGET_NAME)";
				SDKROOT = iphoneos;
				SWIFT_EMIT_LOC_STRINGS = NO;
				SWIFT_VERSION = 5.0;
				TARGETED_DEVICE_FAMILY = "1,2";
				TEST_TARGET_NAME = "testPodRohit (iOS)";
				VALIDATE_PRODUCT = YES;
			};
			name = Release;
		};
		14F9CCFD275E6593000E696C /* Debug */ = {
			isa = XCBuildConfiguration;
			buildSettings = {
				ALWAYS_EMBED_SWIFT_STANDARD_LIBRARIES = YES;
				CODE_SIGN_STYLE = Automatic;
				COMBINE_HIDPI_IMAGES = YES;
				CURRENT_PROJECT_VERSION = 1;
				GENERATE_INFOPLIST_FILE = YES;
				LD_RUNPATH_SEARCH_PATHS = (
					"$(inherited)",
					"@executable_path/../Frameworks",
					"@loader_path/../Frameworks",
				);
				MACOSX_DEPLOYMENT_TARGET = 11.6;
				MARKETING_VERSION = 1.0;
				PRODUCT_BUNDLE_IDENTIFIER = "tmo.com.Tests-macOS";
				PRODUCT_NAME = "$(TARGET_NAME)";
				SDKROOT = macosx;
				SWIFT_EMIT_LOC_STRINGS = NO;
				SWIFT_VERSION = 5.0;
				TEST_TARGET_NAME = "testPodRohit (macOS)";
			};
			name = Debug;
		};
		14F9CCFE275E6593000E696C /* Release */ = {
			isa = XCBuildConfiguration;
			buildSettings = {
				ALWAYS_EMBED_SWIFT_STANDARD_LIBRARIES = YES;
				CODE_SIGN_STYLE = Automatic;
				COMBINE_HIDPI_IMAGES = YES;
				CURRENT_PROJECT_VERSION = 1;
				GENERATE_INFOPLIST_FILE = YES;
				LD_RUNPATH_SEARCH_PATHS = (
					"$(inherited)",
					"@executable_path/../Frameworks",
					"@loader_path/../Frameworks",
				);
				MACOSX_DEPLOYMENT_TARGET = 11.6;
				MARKETING_VERSION = 1.0;
				PRODUCT_BUNDLE_IDENTIFIER = "tmo.com.Tests-macOS";
				PRODUCT_NAME = "$(TARGET_NAME)";
				SDKROOT = macosx;
				SWIFT_EMIT_LOC_STRINGS = NO;
				SWIFT_VERSION = 5.0;
				TEST_TARGET_NAME = "testPodRohit (macOS)";
			};
			name = Release;
		};
/* End XCBuildConfiguration section */

/* Begin XCConfigurationList section */
		14F9CCC1275E6590000E696C /* Build configuration list for PBXProject "testPodRohit" */ = {
			isa = XCConfigurationList;
			buildConfigurations = (
				14F9CCF1275E6593000E696C /* Debug */,
				14F9CCF2275E6593000E696C /* Release */,
			);
			defaultConfigurationIsVisible = 0;
			defaultConfigurationName = Release;
		};
		14F9CCF3275E6593000E696C /* Build configuration list for PBXNativeTarget "testPodRohit (iOS)" */ = {
			isa = XCConfigurationList;
			buildConfigurations = (
				14F9CCF4275E6593000E696C /* Debug */,
				14F9CCF5275E6593000E696C /* Release */,
			);
			defaultConfigurationIsVisible = 0;
			defaultConfigurationName = Release;
		};
		14F9CCF6275E6593000E696C /* Build configuration list for PBXNativeTarget "testPodRohit (macOS)" */ = {
			isa = XCConfigurationList;
			buildConfigurations = (
				14F9CCF7275E6593000E696C /* Debug */,
				14F9CCF8275E6593000E696C /* Release */,
			);
			defaultConfigurationIsVisible = 0;
			defaultConfigurationName = Release;
		};
		14F9CCF9275E6593000E696C /* Build configuration list for PBXNativeTarget "Tests iOS" */ = {
			isa = XCConfigurationList;
			buildConfigurations = (
				14F9CCFA275E6593000E696C /* Debug */,
				14F9CCFB275E6593000E696C /* Release */,
			);
			defaultConfigurationIsVisible = 0;
			defaultConfigurationName = Release;
		};
		14F9CCFC275E6593000E696C /* Build configuration list for PBXNativeTarget "Tests macOS" */ = {
			isa = XCConfigurationList;
			buildConfigurations = (
				14F9CCFD275E6593000E696C /* Debug */,
				14F9CCFE275E6593000E696C /* Release */,
			);
			defaultConfigurationIsVisible = 0;
			defaultConfigurationName = Release;
		};
/* End XCConfigurationList section */
	};
	rootObject = 14F9CCBE275E6590000E696C /* Project object */;
}
